
Microsoft Visual Studio Solution File, Format Version 12.00
# Visual Studio Version 16
VisualStudioVersion = 16.0.29020.237
MinimumVisualStudioVersion = 10.0.40219.1
Project("{FAE04EC0-301F-11D3-BF4B-00C04F79EFBC}") = "LEDManager", "LEDManager.csproj", "{B073C1B7-F7A4-4603-B808-A12472945D10}"
EndProject
Project("{FAE04EC0-301F-11D3-BF4B-00C04F79EFBC}") = "LEDManagerApp", "LEDManagerApp\LEDManagerApp.csproj", "{639542EA-E031-49AB-AE32-B631B51D6C38}"
EndProject
Global
	GlobalSection(SolutionConfigurationPlatforms) = preSolution
		Debug|Any CPU = Debug|Any CPU
		Debug|x86 = Debug|x86
		Release|Any CPU = Release|Any CPU
		Release|x86 = Release|x86
	EndGlobalSection
	GlobalSection(ProjectConfigurationPlatforms) = postSolution
		{B073C1B7-F7A4-4603-B808-A12472945D10}.Debug|Any CPU.ActiveCfg = Debug|Any CPU
		{B073C1B7-F7A4-4603-B808-A12472945D10}.Debug|Any CPU.Build.0 = Debug|Any CPU
		{B073C1B7-F7A4-4603-B808-A12472945D10}.Debug|x86.ActiveCfg = Debug|x86
		{B073C1B7-F7A4-4603-B808-A12472945D10}.Debug|x86.Build.0 = Debug|x86
		{B073C1B7-F7A4-4603-B808-A12472945D10}.Release|Any CPU.ActiveCfg = Release|Any CPU
		{B073C1B7-F7A4-4603-B808-A12472945D10}.Release|Any CPU.Build.0 = Release|Any CPU
		{B073C1B7-F7A4-4603-B808-A12472945D10}.Release|x86.ActiveCfg = Release|x86
		{B073C1B7-F7A4-4603-B808-A12472945D10}.Release|x86.Build.0 = Release|x86
		{639542EA-E031-49AB-AE32-B631B51D6C38}.Debug|Any CPU.ActiveCfg = Debug|Any CPU
		{639542EA-E031-49AB-AE32-B631B51D6C38}.Debug|Any CPU.Build.0 = Debug|Any CPU
		{639542EA-E031-49AB-AE32-B631B51D6C38}.Debug|x86.ActiveCfg = Debug|Any CPU
		{639542EA-E031-49AB-AE32-B631B51D6C38}.Debug|x86.Build.0 = Debug|Any CPU
		{639542EA-E031-49AB-AE32-B631B51D6C38}.Release|Any CPU.ActiveCfg = Release|Any CPU
		{639542EA-E031-49AB-AE32-B631B51D6C38}.Release|Any CPU.Build.0 = Release|Any CPU
		{639542EA-E031-49AB-AE32-B631B51D6C38}.Release|x86.ActiveCfg = Release|Any CPU
		{639542EA-E031-49AB-AE32-B631B51D6C38}.Release|x86.Build.0 = Release|Any CPU
	EndGlobalSection
	GlobalSection(SolutionProperties) = preSolution
		HideSolutionNode = FALSE
	EndGlobalSection
	GlobalSection(ExtensibilityGlobals) = postSolution
		SolutionGuid = {3D58EE8E-01CE-4A2F-9810-EFC439D2338F}
	EndGlobalSection
EndGlobal
